
Microsoft Visual Studio Solution File, Format Version 12.00
# Visual Studio 15
VisualStudioVersion = 15.0.28307.1169
MinimumVisualStudioVersion = 10.0.40219.1
Project("{FAE04EC0-301F-11D3-BF4B-00C04F79EFBC}") = "NotesManager", "NotesManager\NotesManager.csproj", "{CDEAE453-AC2A-4421-A87E-61A08AA43AF6}"
EndProject
Global
	GlobalSection(SolutionConfigurationPlatforms) = preSolution
		Debug|Any CPU = Debug|Any CPU
		Release|Any CPU = Release|Any CPU
	EndGlobalSection
	GlobalSection(ProjectConfigurationPlatforms) = postSolution
		{CDEAE453-AC2A-4421-A87E-61A08AA43AF6}.Debug|Any CPU.ActiveCfg = Debug|Any CPU
		{CDEAE453-AC2A-4421-A87E-61A08AA43AF6}.Debug|Any CPU.Build.0 = Debug|Any CPU
		{CDEAE453-AC2A-4421-A87E-61A08AA43AF6}.Release|Any CPU.ActiveCfg = Release|Any CPU
		{CDEAE453-AC2A-4421-A87E-61A08AA43AF6}.Release|Any CPU.Build.0 = Release|Any CPU
	EndGlobalSection
	GlobalSection(SolutionProperties) = preSolution
		HideSolutionNode = FALSE
	EndGlobalSection
	GlobalSection(ExtensibilityGlobals) = postSolution
		SolutionGuid = {727FBF89-8225-4B65-9427-90316D56B3E5}
	EndGlobalSection
EndGlobal
